// !$*UTF8*$!
{
	archiveVersion = 1;
	classes = {
	};
	objectVersion = 56;
	objects = {

/* Begin PBXBuildFile section */
		26A353852A5ED2870050536D /* CupcakeApp.swift in Sources */ = {isa = PBXBuildFile; fileRef = 26A353842A5ED2870050536D /* CupcakeApp.swift */; };
		26A353872A5ED2870050536D /* ContentView.swift in Sources */ = {isa = PBXBuildFile; fileRef = 26A353862A5ED2870050536D /* ContentView.swift */; };
		26A353892A5ED2880050536D /* Assets.xcassets in Resources */ = {isa = PBXBuildFile; fileRef = 26A353882A5ED2880050536D /* Assets.xcassets */; };
		26A3538C2A5ED2880050536D /* Preview Assets.xcassets in Resources */ = {isa = PBXBuildFile; fileRef = 26A3538B2A5ED2880050536D /* Preview Assets.xcassets */; };
		26A353962A5ED2880050536D /* CupcakeTests.swift in Sources */ = {isa = PBXBuildFile; fileRef = 26A353952A5ED2880050536D /* CupcakeTests.swift */; };
		26A353A02A5ED2880050536D /* CupcakeUITests.swift in Sources */ = {isa = PBXBuildFile; fileRef = 26A3539F2A5ED2880050536D /* CupcakeUITests.swift */; };
		26A353A22A5ED2880050536D /* CupcakeUITestsLaunchTests.swift in Sources */ = {isa = PBXBuildFile; fileRef = 26A353A12A5ED2880050536D /* CupcakeUITestsLaunchTests.swift */; };
/* End PBXBuildFile section */

/* Begin PBXContainerItemProxy section */
		26A353922A5ED2880050536D /* PBXContainerItemProxy */ = {
			isa = PBXContainerItemProxy;
			containerPortal = 26A353792A5ED2870050536D /* Project object */;
			proxyType = 1;
			remoteGlobalIDString = 26A353802A5ED2870050536D;
			remoteInfo = Cupcake;
		};
		26A3539C2A5ED2880050536D /* PBXContainerItemProxy */ = {
			isa = PBXContainerItemProxy;
			containerPortal = 26A353792A5ED2870050536D /* Project object */;
			proxyType = 1;
			remoteGlobalIDString = 26A353802A5ED2870050536D;
			remoteInfo = Cupcake;
		};
/* End PBXContainerItemProxy section */

/* Begin PBXFileReference section */
		26A353812A5ED2870050536D /* Cupcake.app */ = {isa = PBXFileReference; explicitFileType = wrapper.application; includeInIndex = 0; path = Cupcake.app; sourceTree = BUILT_PRODUCTS_DIR; };
		26A353842A5ED2870050536D /* CupcakeApp.swift */ = {isa = PBXFileReference; lastKnownFileType = sourcecode.swift; path = CupcakeApp.swift; sourceTree = "<group>"; };
		26A353862A5ED2870050536D /* ContentView.swift */ = {isa = PBXFileReference; lastKnownFileType = sourcecode.swift; path = ContentView.swift; sourceTree = "<group>"; };
		26A353882A5ED2880050536D /* Assets.xcassets */ = {isa = PBXFileReference; lastKnownFileType = folder.assetcatalog; path = Assets.xcassets; sourceTree = "<group>"; };
		26A3538B2A5ED2880050536D /* Preview Assets.xcassets */ = {isa = PBXFileReference; lastKnownFileType = folder.assetcatalog; path = "Preview Assets.xcassets"; sourceTree = "<group>"; };
		26A353912A5ED2880050536D /* CupcakeTests.xctest */ = {isa = PBXFileReference; explicitFileType = wrapper.cfbundle; includeInIndex = 0; path = CupcakeTests.xctest; sourceTree = BUILT_PRODUCTS_DIR; };
		26A353952A5ED2880050536D /* CupcakeTests.swift */ = {isa = PBXFileReference; lastKnownFileType = sourcecode.swift; path = CupcakeTests.swift; sourceTree = "<group>"; };
		26A3539B2A5ED2880050536D /* CupcakeUITests.xctest */ = {isa = PBXFileReference; explicitFileType = wrapper.cfbundle; includeInIndex = 0; path = CupcakeUITests.xctest; sourceTree = BUILT_PRODUCTS_DIR; };
		26A3539F2A5ED2880050536D /* CupcakeUITests.swift */ = {isa = PBXFileReference; lastKnownFileType = sourcecode.swift; path = CupcakeUITests.swift; sourceTree = "<group>"; };
		26A353A12A5ED2880050536D /* CupcakeUITestsLaunchTests.swift */ = {isa = PBXFileReference; lastKnownFileType = sourcecode.swift; path = CupcakeUITestsLaunchTests.swift; sourceTree = "<group>"; };
/* End PBXFileReference section */

/* Begin PBXFrameworksBuildPhase section */
		26A3537E2A5ED2870050536D /* Frameworks */ = {
			isa = PBXFrameworksBuildPhase;
			buildActionMask = 2147483647;
			files = (
			);
			runOnlyForDeploymentPostprocessing = 0;
		};
		26A3538E2A5ED2880050536D /* Frameworks */ = {
			isa = PBXFrameworksBuildPhase;
			buildActionMask = 2147483647;
			files = (
			);
			runOnlyForDeploymentPostprocessing = 0;
		};
		26A353982A5ED2880050536D /* Frameworks */ = {
			isa = PBXFrameworksBuildPhase;
			buildActionMask = 2147483647;
			files = (
			);
			runOnlyForDeploymentPostprocessing = 0;
		};
/* End PBXFrameworksBuildPhase section */

/* Begin PBXGroup section */
		26A353782A5ED2870050536D = {
			isa = PBXGroup;
			children = (
				26A353832A5ED2870050536D /* Cupcake */,
				26A353942A5ED2880050536D /* CupcakeTests */,
				26A3539E2A5ED2880050536D /* CupcakeUITests */,
				26A353822A5ED2870050536D /* Products */,
			);
			sourceTree = "<group>";
		};
		26A353822A5ED2870050536D /* Products */ = {
			isa = PBXGroup;
			children = (
				26A353812A5ED2870050536D /* Cupcake.app */,
				26A353912A5ED2880050536D /* CupcakeTests.xctest */,
				26A3539B2A5ED2880050536D /* CupcakeUITests.xctest */,
			);
			name = Products;
			sourceTree = "<group>";
		};
		26A353832A5ED2870050536D /* Cupcake */ = {
			isa = PBXGroup;
			children = (
				26A353842A5ED2870050536D /* CupcakeApp.swift */,
				26A353862A5ED2870050536D /* ContentView.swift */,
				26A353882A5ED2880050536D /* Assets.xcassets */,
				26A3538A2A5ED2880050536D /* Preview Content */,
			);
			path = Cupcake;
			sourceTree = "<group>";
		};
		26A3538A2A5ED2880050536D /* Preview Content */ = {
			isa = PBXGroup;
			children = (
				26A3538B2A5ED2880050536D /* Preview Assets.xcassets */,
			);
			path = "Preview Content";
			sourceTree = "<group>";
		};
		26A353942A5ED2880050536D /* CupcakeTests */ = {
			isa = PBXGroup;
			children = (
				26A353952A5ED2880050536D /* CupcakeTests.swift */,
			);
			path = CupcakeTests;
			sourceTree = "<group>";
		};
		26A3539E2A5ED2880050536D /* CupcakeUITests */ = {
			isa = PBXGroup;
			children = (
				26A3539F2A5ED2880050536D /* CupcakeUITests.swift */,
				26A353A12A5ED2880050536D /* CupcakeUITestsLaunchTests.swift */,
			);
			path = CupcakeUITests;
			sourceTree = "<group>";
		};
/* End PBXGroup section */

/* Begin PBXNativeTarget section */
		26A353802A5ED2870050536D /* Cupcake */ = {
			isa = PBXNativeTarget;
			buildConfigurationList = 26A353A52A5ED2880050536D /* Build configuration list for PBXNativeTarget "Cupcake" */;
			buildPhases = (
				26A3537D2A5ED2870050536D /* Sources */,
				26A3537E2A5ED2870050536D /* Frameworks */,
				26A3537F2A5ED2870050536D /* Resources */,
			);
			buildRules = (
			);
			dependencies = (
			);
			name = Cupcake;
			productName = Cupcake;
			productReference = 26A353812A5ED2870050536D /* Cupcake.app */;
			productType = "com.apple.product-type.application";
		};
		26A353902A5ED2880050536D /* CupcakeTests */ = {
			isa = PBXNativeTarget;
			buildConfigurationList = 26A353A82A5ED2880050536D /* Build configuration list for PBXNativeTarget "CupcakeTests" */;
			buildPhases = (
				26A3538D2A5ED2880050536D /* Sources */,
				26A3538E2A5ED2880050536D /* Frameworks */,
				26A3538F2A5ED2880050536D /* Resources */,
			);
			buildRules = (
			);
			dependencies = (
				26A353932A5ED2880050536D /* PBXTargetDependency */,
			);
			name = CupcakeTests;
			productName = CupcakeTests;
			productReference = 26A353912A5ED2880050536D /* CupcakeTests.xctest */;
			productType = "com.apple.product-type.bundle.unit-test";
		};
		26A3539A2A5ED2880050536D /* CupcakeUITests */ = {
			isa = PBXNativeTarget;
			buildConfigurationList = 26A353AB2A5ED2880050536D /* Build configuration list for PBXNativeTarget "CupcakeUITests" */;
			buildPhases = (
				26A353972A5ED2880050536D /* Sources */,
				26A353982A5ED2880050536D /* Frameworks */,
				26A353992A5ED2880050536D /* Resources */,
			);
			buildRules = (
			);
			dependencies = (
				26A3539D2A5ED2880050536D /* PBXTargetDependency */,
			);
			name = CupcakeUITests;
			productName = CupcakeUITests;
			productReference = 26A3539B2A5ED2880050536D /* CupcakeUITests.xctest */;
			productType = "com.apple.product-type.bundle.ui-testing";
		};
/* End PBXNativeTarget section */

/* Begin PBXProject section */
		26A353792A5ED2870050536D /* Project object */ = {
			isa = PBXProject;
			attributes = {
				BuildIndependentTargetsInParallel = 1;
				LastSwiftUpdateCheck = 1430;
				LastUpgradeCheck = 1430;
				TargetAttributes = {
					26A353802A5ED2870050536D = {
						CreatedOnToolsVersion = 14.3.1;
					};
					26A353902A5ED2880050536D = {
						CreatedOnToolsVersion = 14.3.1;
						TestTargetID = 26A353802A5ED2870050536D;
					};
					26A3539A2A5ED2880050536D = {
						CreatedOnToolsVersion = 14.3.1;
						TestTargetID = 26A353802A5ED2870050536D;
					};
				};
			};
			buildConfigurationList = 26A3537C2A5ED2870050536D /* Build configuration list for PBXProject "Cupcake" */;
			compatibilityVersion = "Xcode 14.0";
			developmentRegion = en;
			hasScannedForEncodings = 0;
			knownRegions = (
				en,
				Base,
			);
			mainGroup = 26A353782A5ED2870050536D;
			productRefGroup = 26A353822A5ED2870050536D /* Products */;
			projectDirPath = "";
			projectRoot = "";
			targets = (
				26A353802A5ED2870050536D /* Cupcake */,
				26A353902A5ED2880050536D /* CupcakeTests */,
				26A3539A2A5ED2880050536D /* CupcakeUITests */,
			);
		};
/* End PBXProject section */

/* Begin PBXResourcesBuildPhase section */
		26A3537F2A5ED2870050536D /* Resources */ = {
			isa = PBXResourcesBuildPhase;
			buildActionMask = 2147483647;
			files = (
				26A3538C2A5ED2880050536D /* Preview Assets.xcassets in Resources */,
				26A353892A5ED2880050536D /* Assets.xcassets in Resources */,
			);
			runOnlyForDeploymentPostprocessing = 0;
		};
		26A3538F2A5ED2880050536D /* Resources */ = {
			isa = PBXResourcesBuildPhase;
			buildActionMask = 2147483647;
			files = (
			);
			runOnlyForDeploymentPostprocessing = 0;
		};
		26A353992A5ED2880050536D /* Resources */ = {
			isa = PBXResourcesBuildPhase;
			buildActionMask = 2147483647;
			files = (
			);
			runOnlyForDeploymentPostprocessing = 0;
		};
/* End PBXResourcesBuildPhase section */

/* Begin PBXSourcesBuildPhase section */
		26A3537D2A5ED2870050536D /* Sources */ = {
			isa = PBXSourcesBuildPhase;
			buildActionMask = 2147483647;
			files = (
				26A353872A5ED2870050536D /* ContentView.swift in Sources */,
				26A353852A5ED2870050536D /* CupcakeApp.swift in Sources */,
			);
			runOnlyForDeploymentPostprocessing = 0;
		};
		26A3538D2A5ED2880050536D /* Sources */ = {
			isa = PBXSourcesBuildPhase;
			buildActionMask = 2147483647;
			files = (
				26A353962A5ED2880050536D /* CupcakeTests.swift in Sources */,
			);
			runOnlyForDeploymentPostprocessing = 0;
		};
		26A353972A5ED2880050536D /* Sources */ = {
			isa = PBXSourcesBuildPhase;
			buildActionMask = 2147483647;
			files = (
				26A353A02A5ED2880050536D /* CupcakeUITests.swift in Sources */,
				26A353A22A5ED2880050536D /* CupcakeUITestsLaunchTests.swift in Sources */,
			);
			runOnlyForDeploymentPostprocessing = 0;
		};
/* End PBXSourcesBuildPhase section */

/* Begin PBXTargetDependency section */
		26A353932A5ED2880050536D /* PBXTargetDependency */ = {
			isa = PBXTargetDependency;
			target = 26A353802A5ED2870050536D /* Cupcake */;
			targetProxy = 26A353922A5ED2880050536D /* PBXContainerItemProxy */;
		};
		26A3539D2A5ED2880050536D /* PBXTargetDependency */ = {
			isa = PBXTargetDependency;
			target = 26A353802A5ED2870050536D /* Cupcake */;
			targetProxy = 26A3539C2A5ED2880050536D /* PBXContainerItemProxy */;
		};
/* End PBXTargetDependency section */

/* Begin XCBuildConfiguration section */
		26A353A32A5ED2880050536D /* Debug */ = {
			isa = XCBuildConfiguration;
			buildSettings = {
				ALWAYS_SEARCH_USER_PATHS = NO;
				CLANG_ANALYZER_NONNULL = YES;
				CLANG_ANALYZER_NUMBER_OBJECT_CONVERSION = YES_AGGRESSIVE;
				CLANG_CXX_LANGUAGE_STANDARD = "gnu++20";
				CLANG_ENABLE_MODULES = YES;
				CLANG_ENABLE_OBJC_ARC = YES;
				CLANG_ENABLE_OBJC_WEAK = YES;
				CLANG_WARN_BLOCK_CAPTURE_AUTORELEASING = YES;
				CLANG_WARN_BOOL_CONVERSION = YES;
				CLANG_WARN_COMMA = YES;
				CLANG_WARN_CONSTANT_CONVERSION = YES;
				CLANG_WARN_DEPRECATED_OBJC_IMPLEMENTATIONS = YES;
				CLANG_WARN_DIRECT_OBJC_ISA_USAGE = YES_ERROR;
				CLANG_WARN_DOCUMENTATION_COMMENTS = YES;
				CLANG_WARN_EMPTY_BODY = YES;
				CLANG_WARN_ENUM_CONVERSION = YES;
				CLANG_WARN_INFINITE_RECURSION = YES;
				CLANG_WARN_INT_CONVERSION = YES;
				CLANG_WARN_NON_LITERAL_NULL_CONVERSION = YES;
				CLANG_WARN_OBJC_IMPLICIT_RETAIN_SELF = YES;
				CLANG_WARN_OBJC_LITERAL_CONVERSION = YES;
				CLANG_WARN_OBJC_ROOT_CLASS = YES_ERROR;
				CLANG_WARN_QUOTED_INCLUDE_IN_FRAMEWORK_HEADER = YES;
				CLANG_WARN_RANGE_LOOP_ANALYSIS = YES;
				CLANG_WARN_STRICT_PROTOTYPES = YES;
				CLANG_WARN_SUSPICIOUS_MOVE = YES;
				CLANG_WARN_UNGUARDED_AVAILABILITY = YES_AGGRESSIVE;
				CLANG_WARN_UNREACHABLE_CODE = YES;
				CLANG_WARN__DUPLICATE_METHOD_MATCH = YES;
				COPY_PHASE_STRIP = NO;
				DEBUG_INFORMATION_FORMAT = dwarf;
				ENABLE_STRICT_OBJC_MSGSEND = YES;
				ENABLE_TESTABILITY = YES;
				GCC_C_LANGUAGE_STANDARD = gnu11;
				GCC_DYNAMIC_NO_PIC = NO;
				GCC_NO_COMMON_BLOCKS = YES;
				GCC_OPTIMIZATION_LEVEL = 0;
				GCC_PREPROCESSOR_DEFINITIONS = (
					"DEBUG=1",
					"$(inherited)",
				);
				GCC_WARN_64_TO_32_BIT_CONVERSION = YES;
				GCC_WARN_ABOUT_RETURN_TYPE = YES_ERROR;
				GCC_WARN_UNDECLARED_SELECTOR = YES;
				GCC_WARN_UNINITIALIZED_AUTOS = YES_AGGRESSIVE;
				GCC_WARN_UNUSED_FUNCTION = YES;
				GCC_WARN_UNUSED_VARIABLE = YES;
				IPHONEOS_DEPLOYMENT_TARGET = 16.4;
				MTL_ENABLE_DEBUG_INFO = INCLUDE_SOURCE;
				MTL_FAST_MATH = YES;
				ONLY_ACTIVE_ARCH = YES;
				SDKROOT = iphoneos;
				SWIFT_ACTIVE_COMPILATION_CONDITIONS = DEBUG;
				SWIFT_OPTIMIZATION_LEVEL = "-Onone";
			};
			name = Debug;
		};
		26A353A42A5ED2880050536D /* Release */ = {
			isa = XCBuildConfiguration;
			buildSettings = {
				ALWAYS_SEARCH_USER_PATHS = NO;
				CLANG_ANALYZER_NONNULL = YES;
				CLANG_ANALYZER_NUMBER_OBJECT_CONVERSION = YES_AGGRESSIVE;
				CLANG_CXX_LANGUAGE_STANDARD = "gnu++20";
				CLANG_ENABLE_MODULES = YES;
				CLANG_ENABLE_OBJC_ARC = YES;
				CLANG_ENABLE_OBJC_WEAK = YES;
				CLANG_WARN_BLOCK_CAPTURE_AUTORELEASING = YES;
				CLANG_WARN_BOOL_CONVERSION = YES;
				CLANG_WARN_COMMA = YES;
				CLANG_WARN_CONSTANT_CONVERSION = YES;
				CLANG_WARN_DEPRECATED_OBJC_IMPLEMENTATIONS = YES;
				CLANG_WARN_DIRECT_OBJC_ISA_USAGE = YES_ERROR;
				CLANG_WARN_DOCUMENTATION_COMMENTS = YES;
				CLANG_WARN_EMPTY_BODY = YES;
				CLANG_WARN_ENUM_CONVERSION = YES;
				CLANG_WARN_INFINITE_RECURSION = YES;
				CLANG_WARN_INT_CONVERSION = YES;
				CLANG_WARN_NON_LITERAL_NULL_CONVERSION = YES;
				CLANG_WARN_OBJC_IMPLICIT_RETAIN_SELF = YES;
				CLANG_WARN_OBJC_LITERAL_CONVERSION = YES;
				CLANG_WARN_OBJC_ROOT_CLASS = YES_ERROR;
				CLANG_WARN_QUOTED_INCLUDE_IN_FRAMEWORK_HEADER = YES;
				CLANG_WARN_RANGE_LOOP_ANALYSIS = YES;
				CLANG_WARN_STRICT_PROTOTYPES = YES;
				CLANG_WARN_SUSPICIOUS_MOVE = YES;
				CLANG_WARN_UNGUARDED_AVAILABILITY = YES_AGGRESSIVE;
				CLANG_WARN_UNREACHABLE_CODE = YES;
				CLANG_WARN__DUPLICATE_METHOD_MATCH = YES;
				COPY_PHASE_STRIP = NO;
				DEBUG_INFORMATION_FORMAT = "dwarf-with-dsym";
				ENABLE_NS_ASSERTIONS = NO;
				ENABLE_STRICT_OBJC_MSGSEND = YES;
				GCC_C_LANGUAGE_STANDARD = gnu11;
				GCC_NO_COMMON_BLOCKS = YES;
				GCC_WARN_64_TO_32_BIT_CONVERSION = YES;
				GCC_WARN_ABOUT_RETURN_TYPE = YES_ERROR;
				GCC_WARN_UNDECLARED_SELECTOR = YES;
				GCC_WARN_UNINITIALIZED_AUTOS = YES_AGGRESSIVE;
				GCC_WARN_UNUSED_FUNCTION = YES;
				GCC_WARN_UNUSED_VARIABLE = YES;
				IPHONEOS_DEPLOYMENT_TARGET = 16.4;
				MTL_ENABLE_DEBUG_INFO = NO;
				MTL_FAST_MATH = YES;
				SDKROOT = iphoneos;
				SWIFT_COMPILATION_MODE = wholemodule;
				SWIFT_OPTIMIZATION_LEVEL = "-O";
				VALIDATE_PRODUCT = YES;
			};
			name = Release;
		};
		26A353A62A5ED2880050536D /* Debug */ = {
			isa = XCBuildConfiguration;
			buildSettings = {
				ASSETCATALOG_COMPILER_APPICON_NAME = AppIcon;
				ASSETCATALOG_COMPILER_GLOBAL_ACCENT_COLOR_NAME = AccentColor;
				CODE_SIGN_STYLE = Automatic;
				CURRENT_PROJECT_VERSION = 1;
				DEVELOPMENT_ASSET_PATHS = "\"Cupcake/Preview Content\"";
				ENABLE_PREVIEWS = YES;
				GENERATE_INFOPLIST_FILE = YES;
				INFOPLIST_KEY_UIApplicationSceneManifest_Generation = YES;
				INFOPLIST_KEY_UIApplicationSupportsIndirectInputEvents = YES;
				INFOPLIST_KEY_UILaunchScreen_Generation = YES;
				INFOPLIST_KEY_UISupportedInterfaceOrientations_iPad = "UIInterfaceOrientationPortrait UIInterfaceOrientationPortraitUpsideDown UIInterfaceOrientationLandscapeLeft UIInterfaceOrientationLandscapeRight";
				INFOPLIST_KEY_UISupportedInterfaceOrientations_iPhone = "UIInterfaceOrientationPortrait UIInterfaceOrientationLandscapeLeft UIInterfaceOrientationLandscapeRight";
				LD_RUNPATH_SEARCH_PATHS = (
					"$(inherited)",
					"@executable_path/Frameworks",
				);
				MARKETING_VERSION = 1.0;
				PRODUCT_BUNDLE_IDENTIFIER = com.makeapple.Cupcake;
				PRODUCT_NAME = "$(TARGET_NAME)";
				SWIFT_EMIT_LOC_STRINGS = YES;
				SWIFT_VERSION = 5.0;
				TARGETED_DEVICE_FAMILY = "1,2";
			};
			name = Debug;
		};
		26A353A72A5ED2880050536D /* Release */ = {
			isa = XCBuildConfiguration;
			buildSettings = {
				ASSETCATALOG_COMPILER_APPICON_NAME = AppIcon;
				ASSETCATALOG_COMPILER_GLOBAL_ACCENT_COLOR_NAME = AccentColor;
				CODE_SIGN_STYLE = Automatic;
				CURRENT_PROJECT_VERSION = 1;
				DEVELOPMENT_ASSET_PATHS = "\"Cupcake/Preview Content\"";
				ENABLE_PREVIEWS = YES;
				GENERATE_INFOPLIST_FILE = YES;
				INFOPLIST_KEY_UIApplicationSceneManifest_Generation = YES;
				INFOPLIST_KEY_UIApplicationSupportsIndirectInputEvents = YES;
				INFOPLIST_KEY_UILaunchScreen_Generation = YES;
				INFOPLIST_KEY_UISupportedInterfaceOrientations_iPad = "UIInterfaceOrientationPortrait UIInterfaceOrientationPortraitUpsideDown UIInterfaceOrientationLandscapeLeft UIInterfaceOrientationLandscapeRight";
				INFOPLIST_KEY_UISupportedInterfaceOrientations_iPhone = "UIInterfaceOrientationPortrait UIInterfaceOrientationLandscapeLeft UIInterfaceOrientationLandscapeRight";
				LD_RUNPATH_SEARCH_PATHS = (
					"$(inherited)",
					"@executable_path/Frameworks",
				);
				MARKETING_VERSION = 1.0;
				PRODUCT_BUNDLE_IDENTIFIER = com.makeapple.Cupcake;
				PRODUCT_NAME = "$(TARGET_NAME)";
				SWIFT_EMIT_LOC_STRINGS = YES;
				SWIFT_VERSION = 5.0;
				TARGETED_DEVICE_FAMILY = "1,2";
			};
			name = Release;
		};
		26A353A92A5ED2880050536D /* Debug */ = {
			isa = XCBuildConfiguration;
			buildSettings = {
				ALWAYS_EMBED_SWIFT_STANDARD_LIBRARIES = YES;
				BUNDLE_LOADER = "$(TEST_HOST)";
				CODE_SIGN_STYLE = Automatic;
				CURRENT_PROJECT_VERSION = 1;
				GENERATE_INFOPLIST_FILE = YES;
				IPHONEOS_DEPLOYMENT_TARGET = 16.4;
				MARKETING_VERSION = 1.0;
				PRODUCT_BUNDLE_IDENTIFIER = com.makeapple.CupcakeTests;
				PRODUCT_NAME = "$(TARGET_NAME)";
				SWIFT_EMIT_LOC_STRINGS = NO;
				SWIFT_VERSION = 5.0;
				TARGETED_DEVICE_FAMILY = "1,2";
				TEST_HOST = "$(BUILT_PRODUCTS_DIR)/Cupcake.app/$(BUNDLE_EXECUTABLE_FOLDER_PATH)/Cupcake";
			};
			name = Debug;
		};
		26A353AA2A5ED2880050536D /* Release */ = {
			isa = XCBuildConfiguration;
			buildSettings = {
				ALWAYS_EMBED_SWIFT_STANDARD_LIBRARIES = YES;
				BUNDLE_LOADER = "$(TEST_HOST)";
				CODE_SIGN_STYLE = Automatic;
				CURRENT_PROJECT_VERSION = 1;
				GENERATE_INFOPLIST_FILE = YES;
				IPHONEOS_DEPLOYMENT_TARGET = 16.4;
				MARKETING_VERSION = 1.0;
				PRODUCT_BUNDLE_IDENTIFIER = com.makeapple.CupcakeTests;
				PRODUCT_NAME = "$(TARGET_NAME)";
				SWIFT_EMIT_LOC_STRINGS = NO;
				SWIFT_VERSION = 5.0;
				TARGETED_DEVICE_FAMILY = "1,2";
				TEST_HOST = "$(BUILT_PRODUCTS_DIR)/Cupcake.app/$(BUNDLE_EXECUTABLE_FOLDER_PATH)/Cupcake";
			};
			name = Release;
		};
		26A353AC2A5ED2880050536D /* Debug */ = {
			isa = XCBuildConfiguration;
			buildSettings = {
				ALWAYS_EMBED_SWIFT_STANDARD_LIBRARIES = YES;
				CODE_SIGN_STYLE = Automatic;
				CURRENT_PROJECT_VERSION = 1;
				GENERATE_INFOPLIST_FILE = YES;
				MARKETING_VERSION = 1.0;
				PRODUCT_BUNDLE_IDENTIFIER = com.makeapple.CupcakeUITests;
				PRODUCT_NAME = "$(TARGET_NAME)";
				SWIFT_EMIT_LOC_STRINGS = NO;
				SWIFT_VERSION = 5.0;
				TARGETED_DEVICE_FAMILY = "1,2";
				TEST_TARGET_NAME = Cupcake;
			};
			name = Debug;
		};
		26A353AD2A5ED2880050536D /* Release */ = {
			isa = XCBuildConfiguration;
			buildSettings = {
				ALWAYS_EMBED_SWIFT_STANDARD_LIBRARIES = YES;
				CODE_SIGN_STYLE = Automatic;
				CURRENT_PROJECT_VERSION = 1;
				GENERATE_INFOPLIST_FILE = YES;
				MARKETING_VERSION = 1.0;
				PRODUCT_BUNDLE_IDENTIFIER = com.makeapple.CupcakeUITests;
				PRODUCT_NAME = "$(TARGET_NAME)";
				SWIFT_EMIT_LOC_STRINGS = NO;
				SWIFT_VERSION = 5.0;
				TARGETED_DEVICE_FAMILY = "1,2";
				TEST_TARGET_NAME = Cupcake;
			};
			name = Release;
		};
/* End XCBuildConfiguration section */

/* Begin XCConfigurationList section */
		26A3537C2A5ED2870050536D /* Build configuration list for PBXProject "Cupcake" */ = {
			isa = XCConfigurationList;
			buildConfigurations = (
				26A353A32A5ED2880050536D /* Debug */,
				26A353A42A5ED2880050536D /* Release */,
			);
			defaultConfigurationIsVisible = 0;
			defaultConfigurationName = Release;
		};
		26A353A52A5ED2880050536D /* Build configuration list for PBXNativeTarget "Cupcake" */ = {
			isa = XCConfigurationList;
			buildConfigurations = (
				26A353A62A5ED2880050536D /* Debug */,
				26A353A72A5ED2880050536D /* Release */,
			);
			defaultConfigurationIsVisible = 0;
			defaultConfigurationName = Release;
		};
		26A353A82A5ED2880050536D /* Build configuration list for PBXNativeTarget "CupcakeTests" */ = {
			isa = XCConfigurationList;
			buildConfigurations = (
				26A353A92A5ED2880050536D /* Debug */,
				26A353AA2A5ED2880050536D /* Release */,
			);
			defaultConfigurationIsVisible = 0;
			defaultConfigurationName = Release;
		};
		26A353AB2A5ED2880050536D /* Build configuration list for PBXNativeTarget "CupcakeUITests" */ = {
			isa = XCConfigurationList;
			buildConfigurations = (
				26A353AC2A5ED2880050536D /* Debug */,
				26A353AD2A5ED2880050536D /* Release */,
			);
			defaultConfigurationIsVisible = 0;
			defaultConfigurationName = Release;
		};
/* End XCConfigurationList section */
	};
	rootObject = 26A353792A5ED2870050536D /* Project object */;
}
